// !$*UTF8*$!
{
	archiveVersion = 1;
	classes = {
	};
	objectVersion = 46;
	objects = {

/* Begin PBXBuildFile section */
		1A88B2641FC3D9C9005C14AE /* Images.xcassets in Resources */ = {isa = PBXBuildFile; fileRef = 1A88B2631FC3D9C9005C14AE /* Images.xcassets */; };
		1AC6FB21180E996B004C840B /* libcocos2d Mac.a in Frameworks */ = {isa = PBXBuildFile; fileRef = 1AC6FAF9180E9839004C840B /* libcocos2d Mac.a */; };
		1AC6FB30180E99EB004C840B /* libcocos2d iOS.a in Frameworks */ = {isa = PBXBuildFile; fileRef = 1AC6FB07180E9839004C840B /* libcocos2d iOS.a */; };
		1AF87B781F6F77F7007BE51C /* AppController.mm in Sources */ = {isa = PBXBuildFile; fileRef = 1AF87B481F6F77D6007BE51C /* AppController.mm */; };
		1AF87B881F6F781D007BE51C /* LaunchScreen.storyboard in Resources */ = {isa = PBXBuildFile; fileRef = 1AF87B591F6F77D6007BE51C /* LaunchScreen.storyboard */; };
		1AF87B891F6F781D007BE51C /* LaunchScreenBackground.png in Resources */ = {isa = PBXBuildFile; fileRef = 1AF87B5A1F6F77D6007BE51C /* LaunchScreenBackground.png */; };
		1AF87B8A1F6F7822007BE51C /* main.m in Sources */ = {isa = PBXBuildFile; fileRef = 1AF87B5B1F6F77D6007BE51C /* main.m */; };
		1AF87B8B1F6F782A007BE51C /* RootViewController.mm in Sources */ = {isa = PBXBuildFile; fileRef = 1AF87B5E1F6F77D6007BE51C /* RootViewController.mm */; };
		1D60589F0D05DD5A006BFB54 /* Foundation.framework in Frameworks */ = {isa = PBXBuildFile; fileRef = 1D30AB110D05D00D00671497 /* Foundation.framework */; };
		1DF5F4E00D08C38300B7A737 /* UIKit.framework in Frameworks */ = {isa = PBXBuildFile; fileRef = 1DF5F4DF0D08C38300B7A737 /* UIKit.framework */; };
		288765A50DF7441C002DB57D /* CoreGraphics.framework in Frameworks */ = {isa = PBXBuildFile; fileRef = 288765A40DF7441C002DB57D /* CoreGraphics.framework */; };
		294D0D641D0D56D500F7F5D4 /* CoreText.framework in Frameworks */ = {isa = PBXBuildFile; fileRef = 294D0D631D0D56D500F7F5D4 /* CoreText.framework */; };
		503AE0F817EB97AB00D1A890 /* Icon.icns in Resources */ = {isa = PBXBuildFile; fileRef = 503AE0F617EB97AB00D1A890 /* Icon.icns */; };
		503AE10517EB98FF00D1A890 /* main.cpp in Sources */ = {isa = PBXBuildFile; fileRef = 503AE10317EB98FF00D1A890 /* main.cpp */; };
		503AE11B17EB9C5A00D1A890 /* IOKit.framework in Frameworks */ = {isa = PBXBuildFile; fileRef = 503AE11A17EB9C5A00D1A890 /* IOKit.framework */; };
		5087E76317EB910900C73F5D /* Foundation.framework in Frameworks */ = {isa = PBXBuildFile; fileRef = 1D30AB110D05D00D00671497 /* Foundation.framework */; };
		5087E76717EB910900C73F5D /* libz.dylib in Frameworks */ = {isa = PBXBuildFile; fileRef = BF170DB412928DE900B8313A /* libz.dylib */; };
		5087E76817EB910900C73F5D /* QuartzCore.framework in Frameworks */ = {isa = PBXBuildFile; fileRef = BF1C47EA1293683800B63C5D /* QuartzCore.framework */; };
		5087E76917EB910900C73F5D /* OpenAL.framework in Frameworks */ = {isa = PBXBuildFile; fileRef = D44C620B132DFF330009C878 /* OpenAL.framework */; };
		5087E76A17EB910900C73F5D /* AVFoundation.framework in Frameworks */ = {isa = PBXBuildFile; fileRef = D44C620D132DFF430009C878 /* AVFoundation.framework */; };
		5087E76B17EB910900C73F5D /* AudioToolbox.framework in Frameworks */ = {isa = PBXBuildFile; fileRef = D44C620F132DFF4E0009C878 /* AudioToolbox.framework */; };
		5087E78917EB974C00C73F5D /* AppKit.framework in Frameworks */ = {isa = PBXBuildFile; fileRef = 5087E78817EB974C00C73F5D /* AppKit.framework */; };
		5087E78B17EB975400C73F5D /* OpenGL.framework in Frameworks */ = {isa = PBXBuildFile; fileRef = 5087E78A17EB975400C73F5D /* OpenGL.framework */; };
		52B47A471A53D09C004E4C60 /* Security.framework in Frameworks */ = {isa = PBXBuildFile; fileRef = 52B47A461A53D09B004E4C60 /* Security.framework */; };
		8262943E1AAF051F00CB7CF7 /* Security.framework in Frameworks */ = {isa = PBXBuildFile; fileRef = 8262943D1AAF051F00CB7CF7 /* Security.framework */; };
		9487F6B4262AAC3900566ABD /* monster.plist in Resources */ = {isa = PBXBuildFile; fileRef = 9487F6A1262AAC3800566ABD /* monster.plist */; };
		9487F6B5262AAC3900566ABD /* CloseSelected.png in Resources */ = {isa = PBXBuildFile; fileRef = 9487F6A2262AAC3800566ABD /* CloseSelected.png */; };
		9487F6B6262AAC3900566ABD /* HelloWorld.png in Resources */ = {isa = PBXBuildFile; fileRef = 9487F6A3262AAC3800566ABD /* HelloWorld.png */; };
		9487F6B7262AAC3900566ABD /* item_coin.png in Resources */ = {isa = PBXBuildFile; fileRef = 9487F6A4262AAC3800566ABD /* item_coin.png */; };
		9487F6B8262AAC3900566ABD /* meteo.png in Resources */ = {isa = PBXBuildFile; fileRef = 9487F6A5262AAC3800566ABD /* meteo.png */; };
		9487F6B9262AAC3900566ABD /* bgm in Resources */ = {isa = PBXBuildFile; fileRef = 9487F6A6262AAC3800566ABD /* bgm */; };
		9487F6BA262AAC3900566ABD /* background in Resources */ = {isa = PBXBuildFile; fileRef = 9487F6A7262AAC3900566ABD /* background */; };
		9487F6BB262AAC3900566ABD /* CloseNormal.png in Resources */ = {isa = PBXBuildFile; fileRef = 9487F6A8262AAC3900566ABD /* CloseNormal.png */; };
		9487F6BC262AAC3900566ABD /* layer.png in Resources */ = {isa = PBXBuildFile; fileRef = 9487F6A9262AAC3900566ABD /* layer.png */; };
		9487F6BD262AAC3900566ABD /* warn_mark.png in Resources */ = {isa = PBXBuildFile; fileRef = 9487F6AA262AAC3900566ABD /* warn_mark.png */; };
		9487F6BE262AAC3900566ABD /* fonts in Resources */ = {isa = PBXBuildFile; fileRef = 9487F6AB262AAC3900566ABD /* fonts */; };
		9487F6BF262AAC3900566ABD /* monster.png in Resources */ = {isa = PBXBuildFile; fileRef = 9487F6AC262AAC3900566ABD /* monster.png */; };
		9487F6C0262AAC3900566ABD /* damage.png in Resources */ = {isa = PBXBuildFile; fileRef = 9487F6AD262AAC3900566ABD /* damage.png */; };
		9487F6C1262AAC3900566ABD /* ui in Resources */ = {isa = PBXBuildFile; fileRef = 9487F6AE262AAC3900566ABD /* ui */; };
		9487F6C2262AAC3900566ABD /* player.plist in Resources */ = {isa = PBXBuildFile; fileRef = 9487F6AF262AAC3900566ABD /* player.plist */; };
		9487F6C3262AAC3900566ABD /* warn_line.png in Resources */ = {isa = PBXBuildFile; fileRef = 9487F6B0262AAC3900566ABD /* warn_line.png */; };
		9487F6C4262AAC3900566ABD /* font in Resources */ = {isa = PBXBuildFile; fileRef = 9487F6B1262AAC3900566ABD /* font */; };
		9487F6C5262AAC3900566ABD /* sound in Resources */ = {isa = PBXBuildFile; fileRef = 9487F6B2262AAC3900566ABD /* sound */; };
		9487F6C6262AAC3900566ABD /* player.png in Resources */ = {isa = PBXBuildFile; fileRef = 9487F6B3262AAC3900566ABD /* player.png */; };
		9487F6DF262AB06C00566ABD /* InGameScene.cpp in Sources */ = {isa = PBXBuildFile; fileRef = 9487F6CB262AB06B00566ABD /* InGameScene.cpp */; };
		9487F6E0262AB06C00566ABD /* Meteo.cpp in Sources */ = {isa = PBXBuildFile; fileRef = 9487F6D0262AB06B00566ABD /* Meteo.cpp */; };
		9487F6E1262AB06C00566ABD /* HelloWorldScene.cpp in Sources */ = {isa = PBXBuildFile; fileRef = 9487F6D1262AB06B00566ABD /* HelloWorldScene.cpp */; };
		9487F6E2262AB06C00566ABD /* monster.cpp in Sources */ = {isa = PBXBuildFile; fileRef = 9487F6D3262AB06B00566ABD /* monster.cpp */; };
		9487F6E3262AB06C00566ABD /* Player.cpp in Sources */ = {isa = PBXBuildFile; fileRef = 9487F6D4262AB06B00566ABD /* Player.cpp */; };
		9487F6E4262AB06C00566ABD /* LobbyScene.cpp in Sources */ = {isa = PBXBuildFile; fileRef = 9487F6D5262AB06B00566ABD /* LobbyScene.cpp */; };
		9487F6E5262AB06C00566ABD /* StartScene.cpp in Sources */ = {isa = PBXBuildFile; fileRef = 9487F6D6262AB06C00566ABD /* StartScene.cpp */; };
		9487F6E6262AB06C00566ABD /* AppDelegate.cpp in Sources */ = {isa = PBXBuildFile; fileRef = 9487F6D8262AB06C00566ABD /* AppDelegate.cpp */; };
		9487F6EC262AB41200566ABD /* Coin.cpp in Sources */ = {isa = PBXBuildFile; fileRef = 9487F6EA262AB41200566ABD /* Coin.cpp */; };
		BF171245129291EC00B8313A /* OpenGLES.framework in Frameworks */ = {isa = PBXBuildFile; fileRef = BF170DB012928DE900B8313A /* OpenGLES.framework */; };
		BF1712471292920000B8313A /* libz.dylib in Frameworks */ = {isa = PBXBuildFile; fileRef = BF170DB412928DE900B8313A /* libz.dylib */; };
		BF1C47F01293687400B63C5D /* QuartzCore.framework in Frameworks */ = {isa = PBXBuildFile; fileRef = BF1C47EA1293683800B63C5D /* QuartzCore.framework */; };
		D44C620C132DFF330009C878 /* OpenAL.framework in Frameworks */ = {isa = PBXBuildFile; fileRef = D44C620B132DFF330009C878 /* OpenAL.framework */; };
		D44C620E132DFF430009C878 /* AVFoundation.framework in Frameworks */ = {isa = PBXBuildFile; fileRef = D44C620D132DFF430009C878 /* AVFoundation.framework */; };
		D44C6210132DFF4E0009C878 /* AudioToolbox.framework in Frameworks */ = {isa = PBXBuildFile; fileRef = D44C620F132DFF4E0009C878 /* AudioToolbox.framework */; };
		D6B0611B1803AB670077942B /* CoreMotion.framework in Frameworks */ = {isa = PBXBuildFile; fileRef = D6B0611A1803AB670077942B /* CoreMotion.framework */; };
		ED545A7C1B68A1F400C3958E /* libiconv.dylib in Frameworks */ = {isa = PBXBuildFile; fileRef = ED545A7B1B68A1F400C3958E /* libiconv.dylib */; };
		ED545A7E1B68A1FA00C3958E /* libiconv.dylib in Frameworks */ = {isa = PBXBuildFile; fileRef = ED545A7D1B68A1FA00C3958E /* libiconv.dylib */; };
/* End PBXBuildFile section */

/* Begin PBXContainerItemProxy section */
		1A7533E21F6F75F6007E8E6F /* PBXContainerItemProxy */ = {
			isa = PBXContainerItemProxy;
			containerPortal = 1AC6FAE5180E9839004C840B /* cocos2d_libs.xcodeproj */;
			proxyType = 2;
			remoteGlobalIDString = 507B40FD1C31BDD30067B53E;
			remoteInfo = "libcocos2d tvOS";
		};
		1AC6FAF8180E9839004C840B /* PBXContainerItemProxy */ = {
			isa = PBXContainerItemProxy;
			containerPortal = 1AC6FAE5180E9839004C840B /* cocos2d_libs.xcodeproj */;
			proxyType = 2;
			remoteGlobalIDString = 1551A33F158F2AB200E66CFE;
			remoteInfo = "cocos2dx Mac";
		};
		1AC6FB06180E9839004C840B /* PBXContainerItemProxy */ = {
			isa = PBXContainerItemProxy;
			containerPortal = 1AC6FAE5180E9839004C840B /* cocos2d_libs.xcodeproj */;
			proxyType = 2;
			remoteGlobalIDString = A07A4D641783777C0073F6A7;
			remoteInfo = "cocos2dx iOS";
		};
		1AC6FB15180E9959004C840B /* PBXContainerItemProxy */ = {
			isa = PBXContainerItemProxy;
			containerPortal = 1AC6FAE5180E9839004C840B /* cocos2d_libs.xcodeproj */;
			proxyType = 1;
			remoteGlobalIDString = 1551A33E158F2AB200E66CFE;
			remoteInfo = "cocos2dx Mac";
		};
		1AC6FB24180E99E1004C840B /* PBXContainerItemProxy */ = {
			isa = PBXContainerItemProxy;
			containerPortal = 1AC6FAE5180E9839004C840B /* cocos2d_libs.xcodeproj */;
			proxyType = 1;
			remoteGlobalIDString = A07A4C241783777C0073F6A7;
			remoteInfo = "cocos2dx iOS";
		};
/* End PBXContainerItemProxy section */

/* Begin PBXFileReference section */
		1A88B2631FC3D9C9005C14AE /* Images.xcassets */ = {isa = PBXFileReference; lastKnownFileType = folder.assetcatalog; path = Images.xcassets; sourceTree = "<group>"; };
		1AC6FAE5180E9839004C840B /* cocos2d_libs.xcodeproj */ = {isa = PBXFileReference; lastKnownFileType = "wrapper.pb-project"; name = cocos2d_libs.xcodeproj; path = ../cocos2d/build/cocos2d_libs.xcodeproj; sourceTree = "<group>"; };
		1ACB3243164770DE00914215 /* libcurl.a */ = {isa = PBXFileReference; lastKnownFileType = archive.ar; name = libcurl.a; path = ../../cocos2dx/platform/third_party/ios/libraries/libcurl.a; sourceTree = "<group>"; };
		1AF87B471F6F77D6007BE51C /* AppController.h */ = {isa = PBXFileReference; lastKnownFileType = sourcecode.c.h; path = AppController.h; sourceTree = "<group>"; };
		1AF87B481F6F77D6007BE51C /* AppController.mm */ = {isa = PBXFileReference; lastKnownFileType = sourcecode.cpp.objcpp; path = AppController.mm; sourceTree = "<group>"; };
		1AF87B581F6F77D6007BE51C /* Info.plist */ = {isa = PBXFileReference; lastKnownFileType = text.plist.xml; path = Info.plist; sourceTree = "<group>"; };
		1AF87B591F6F77D6007BE51C /* LaunchScreen.storyboard */ = {isa = PBXFileReference; lastKnownFileType = file.storyboard; path = LaunchScreen.storyboard; sourceTree = "<group>"; };
		1AF87B5A1F6F77D6007BE51C /* LaunchScreenBackground.png */ = {isa = PBXFileReference; lastKnownFileType = image.png; path = LaunchScreenBackground.png; sourceTree = "<group>"; };
		1AF87B5B1F6F77D6007BE51C /* main.m */ = {isa = PBXFileReference; lastKnownFileType = sourcecode.c.objc; path = main.m; sourceTree = "<group>"; };
		1AF87B5C1F6F77D6007BE51C /* Prefix.pch */ = {isa = PBXFileReference; lastKnownFileType = sourcecode.c.h; path = Prefix.pch; sourceTree = "<group>"; };
		1AF87B5D1F6F77D6007BE51C /* RootViewController.h */ = {isa = PBXFileReference; lastKnownFileType = sourcecode.c.h; path = RootViewController.h; sourceTree = "<group>"; };
		1AF87B5E1F6F77D6007BE51C /* RootViewController.mm */ = {isa = PBXFileReference; lastKnownFileType = sourcecode.cpp.objcpp; path = RootViewController.mm; sourceTree = "<group>"; };
		1D30AB110D05D00D00671497 /* Foundation.framework */ = {isa = PBXFileReference; lastKnownFileType = wrapper.framework; name = Foundation.framework; path = System/Library/Frameworks/Foundation.framework; sourceTree = SDKROOT; };
		1D6058910D05DD3D006BFB54 /* teamproject-mobile.app */ = {isa = PBXFileReference; explicitFileType = wrapper.application; includeInIndex = 0; path = "teamproject-mobile.app"; sourceTree = BUILT_PRODUCTS_DIR; };
		1DF5F4DF0D08C38300B7A737 /* UIKit.framework */ = {isa = PBXFileReference; lastKnownFileType = wrapper.framework; name = UIKit.framework; path = System/Library/Frameworks/UIKit.framework; sourceTree = SDKROOT; };
		288765A40DF7441C002DB57D /* CoreGraphics.framework */ = {isa = PBXFileReference; lastKnownFileType = wrapper.framework; name = CoreGraphics.framework; path = System/Library/Frameworks/CoreGraphics.framework; sourceTree = SDKROOT; };
		294D0D631D0D56D500F7F5D4 /* CoreText.framework */ = {isa = PBXFileReference; lastKnownFileType = wrapper.framework; name = CoreText.framework; path = Platforms/iPhoneOS.platform/Developer/SDKs/iPhoneOS.sdk/System/Library/Frameworks/CoreText.framework; sourceTree = DEVELOPER_DIR; };
		503AE0F617EB97AB00D1A890 /* Icon.icns */ = {isa = PBXFileReference; lastKnownFileType = image.icns; path = Icon.icns; sourceTree = "<group>"; };
		503AE0F717EB97AB00D1A890 /* Info.plist */ = {isa = PBXFileReference; fileEncoding = 4; lastKnownFileType = text.plist.xml; path = Info.plist; sourceTree = "<group>"; };
		503AE10317EB98FF00D1A890 /* main.cpp */ = {isa = PBXFileReference; fileEncoding = 4; lastKnownFileType = sourcecode.cpp.cpp; name = main.cpp; path = mac/main.cpp; sourceTree = "<group>"; };
		503AE10417EB98FF00D1A890 /* Prefix.pch */ = {isa = PBXFileReference; fileEncoding = 4; lastKnownFileType = sourcecode.c.h; name = Prefix.pch; path = mac/Prefix.pch; sourceTree = "<group>"; };
		503AE11117EB99EE00D1A890 /* libcurl.dylib */ = {isa = PBXFileReference; lastKnownFileType = "compiled.mach-o.dylib"; name = libcurl.dylib; path = usr/lib/libcurl.dylib; sourceTree = SDKROOT; };
		503AE11A17EB9C5A00D1A890 /* IOKit.framework */ = {isa = PBXFileReference; lastKnownFileType = wrapper.framework; name = IOKit.framework; path = System/Library/Frameworks/IOKit.framework; sourceTree = SDKROOT; };
		5087E76F17EB910900C73F5D /* teamproject-desktop.app */ = {isa = PBXFileReference; explicitFileType = wrapper.application; includeInIndex = 0; path = "teamproject-desktop.app"; sourceTree = BUILT_PRODUCTS_DIR; };
		5087E78817EB974C00C73F5D /* AppKit.framework */ = {isa = PBXFileReference; lastKnownFileType = wrapper.framework; name = AppKit.framework; path = System/Library/Frameworks/AppKit.framework; sourceTree = SDKROOT; };
		5087E78A17EB975400C73F5D /* OpenGL.framework */ = {isa = PBXFileReference; lastKnownFileType = wrapper.framework; name = OpenGL.framework; path = System/Library/Frameworks/OpenGL.framework; sourceTree = SDKROOT; };
		52B47A461A53D09B004E4C60 /* Security.framework */ = {isa = PBXFileReference; lastKnownFileType = wrapper.framework; name = Security.framework; path = Platforms/iPhoneOS.platform/Developer/SDKs/iPhoneOS.sdk/System/Library/Frameworks/Security.framework; sourceTree = DEVELOPER_DIR; };
		8262943D1AAF051F00CB7CF7 /* Security.framework */ = {isa = PBXFileReference; lastKnownFileType = wrapper.framework; name = Security.framework; path = System/Library/Frameworks/Security.framework; sourceTree = SDKROOT; };
		9487F6A1262AAC3800566ABD /* monster.plist */ = {isa = PBXFileReference; fileEncoding = 4; lastKnownFileType = text.plist.xml; path = monster.plist; sourceTree = "<group>"; };
		9487F6A2262AAC3800566ABD /* CloseSelected.png */ = {isa = PBXFileReference; lastKnownFileType = image.png; path = CloseSelected.png; sourceTree = "<group>"; };
		9487F6A3262AAC3800566ABD /* HelloWorld.png */ = {isa = PBXFileReference; lastKnownFileType = image.png; path = HelloWorld.png; sourceTree = "<group>"; };
		9487F6A4262AAC3800566ABD /* item_coin.png */ = {isa = PBXFileReference; lastKnownFileType = image.png; path = item_coin.png; sourceTree = "<group>"; };
		9487F6A5262AAC3800566ABD /* meteo.png */ = {isa = PBXFileReference; lastKnownFileType = image.png; path = meteo.png; sourceTree = "<group>"; };
		9487F6A6262AAC3800566ABD /* bgm */ = {isa = PBXFileReference; lastKnownFileType = folder; path = bgm; sourceTree = "<group>"; };
		9487F6A7262AAC3900566ABD /* background */ = {isa = PBXFileReference; lastKnownFileType = folder; path = background; sourceTree = "<group>"; };
		9487F6A8262AAC3900566ABD /* CloseNormal.png */ = {isa = PBXFileReference; lastKnownFileType = image.png; path = CloseNormal.png; sourceTree = "<group>"; };
		9487F6A9262AAC3900566ABD /* layer.png */ = {isa = PBXFileReference; lastKnownFileType = image.png; path = layer.png; sourceTree = "<group>"; };
		9487F6AA262AAC3900566ABD /* warn_mark.png */ = {isa = PBXFileReference; lastKnownFileType = image.png; path = warn_mark.png; sourceTree = "<group>"; };
		9487F6AB262AAC3900566ABD /* fonts */ = {isa = PBXFileReference; lastKnownFileType = folder; path = fonts; sourceTree = "<group>"; };
		9487F6AC262AAC3900566ABD /* monster.png */ = {isa = PBXFileReference; lastKnownFileType = image.png; path = monster.png; sourceTree = "<group>"; };
		9487F6AD262AAC3900566ABD /* damage.png */ = {isa = PBXFileReference; lastKnownFileType = image.png; path = damage.png; sourceTree = "<group>"; };
		9487F6AE262AAC3900566ABD /* ui */ = {isa = PBXFileReference; lastKnownFileType = folder; path = ui; sourceTree = "<group>"; };
		9487F6AF262AAC3900566ABD /* player.plist */ = {isa = PBXFileReference; fileEncoding = 4; lastKnownFileType = text.plist.xml; path = player.plist; sourceTree = "<group>"; };
		9487F6B0262AAC3900566ABD /* warn_line.png */ = {isa = PBXFileReference; lastKnownFileType = image.png; path = warn_line.png; sourceTree = "<group>"; };
		9487F6B1262AAC3900566ABD /* font */ = {isa = PBXFileReference; lastKnownFileType = folder; path = font; sourceTree = "<group>"; };
		9487F6B2262AAC3900566ABD /* sound */ = {isa = PBXFileReference; lastKnownFileType = folder; path = sound; sourceTree = "<group>"; };
		9487F6B3262AAC3900566ABD /* player.png */ = {isa = PBXFileReference; lastKnownFileType = image.png; path = player.png; sourceTree = "<group>"; };
		9487F6CB262AB06B00566ABD /* InGameScene.cpp */ = {isa = PBXFileReference; fileEncoding = 4; lastKnownFileType = sourcecode.cpp.cpp; path = InGameScene.cpp; sourceTree = "<group>"; };
		9487F6CC262AB06B00566ABD /* Player.h */ = {isa = PBXFileReference; fileEncoding = 4; lastKnownFileType = sourcecode.c.h; path = Player.h; sourceTree = "<group>"; };
		9487F6CD262AB06B00566ABD /* UserInclude.h */ = {isa = PBXFileReference; fileEncoding = 4; lastKnownFileType = sourcecode.c.h; path = UserInclude.h; sourceTree = "<group>"; };
		9487F6CE262AB06B00566ABD /* InGameScene.h */ = {isa = PBXFileReference; fileEncoding = 4; lastKnownFileType = sourcecode.c.h; path = InGameScene.h; sourceTree = "<group>"; };
		9487F6CF262AB06B00566ABD /* Meteo.h */ = {isa = PBXFileReference; fileEncoding = 4; lastKnownFileType = sourcecode.c.h; path = Meteo.h; sourceTree = "<group>"; };
		9487F6D0262AB06B00566ABD /* Meteo.cpp */ = {isa = PBXFileReference; fileEncoding = 4; lastKnownFileType = sourcecode.cpp.cpp; path = Meteo.cpp; sourceTree = "<group>"; };
		9487F6D1262AB06B00566ABD /* HelloWorldScene.cpp */ = {isa = PBXFileReference; fileEncoding = 4; lastKnownFileType = sourcecode.cpp.cpp; path = HelloWorldScene.cpp; sourceTree = "<group>"; };
		9487F6D2262AB06B00566ABD /* monster.h */ = {isa = PBXFileReference; fileEncoding = 4; lastKnownFileType = sourcecode.c.h; path = monster.h; sourceTree = "<group>"; };
		9487F6D3262AB06B00566ABD /* monster.cpp */ = {isa = PBXFileReference; fileEncoding = 4; lastKnownFileType = sourcecode.cpp.cpp; path = monster.cpp; sourceTree = "<group>"; };
		9487F6D4262AB06B00566ABD /* Player.cpp */ = {isa = PBXFileReference; fileEncoding = 4; lastKnownFileType = sourcecode.cpp.cpp; path = Player.cpp; sourceTree = "<group>"; };
		9487F6D5262AB06B00566ABD /* LobbyScene.cpp */ = {isa = PBXFileReference; fileEncoding = 4; lastKnownFileType = sourcecode.cpp.cpp; path = LobbyScene.cpp; sourceTree = "<group>"; };
		9487F6D6262AB06C00566ABD /* StartScene.cpp */ = {isa = PBXFileReference; fileEncoding = 4; lastKnownFileType = sourcecode.cpp.cpp; path = StartScene.cpp; sourceTree = "<group>"; };
		9487F6D7262AB06C00566ABD /* AppDelegate.h */ = {isa = PBXFileReference; fileEncoding = 4; lastKnownFileType = sourcecode.c.h; path = AppDelegate.h; sourceTree = "<group>"; };
		9487F6D8262AB06C00566ABD /* AppDelegate.cpp */ = {isa = PBXFileReference; fileEncoding = 4; lastKnownFileType = sourcecode.cpp.cpp; path = AppDelegate.cpp; sourceTree = "<group>"; };
		9487F6D9262AB06C00566ABD /* StartScene.h */ = {isa = PBXFileReference; fileEncoding = 4; lastKnownFileType = sourcecode.c.h; path = StartScene.h; sourceTree = "<group>"; };
		9487F6DA262AB06C00566ABD /* UserDefine.h */ = {isa = PBXFileReference; fileEncoding = 4; lastKnownFileType = sourcecode.c.h; path = UserDefine.h; sourceTree = "<group>"; };
		9487F6DB262AB06C00566ABD /* Unit.h */ = {isa = PBXFileReference; fileEncoding = 4; lastKnownFileType = sourcecode.c.h; path = Unit.h; sourceTree = "<group>"; };
		9487F6DC262AB06C00566ABD /* LobbyScene.h */ = {isa = PBXFileReference; fileEncoding = 4; lastKnownFileType = sourcecode.c.h; path = LobbyScene.h; sourceTree = "<group>"; };
		9487F6DD262AB06C00566ABD /* HelloWorldScene.h */ = {isa = PBXFileReference; fileEncoding = 4; lastKnownFileType = sourcecode.c.h; path = HelloWorldScene.h; sourceTree = "<group>"; };
		9487F6DE262AB06C00566ABD /* stdafx.h */ = {isa = PBXFileReference; fileEncoding = 4; lastKnownFileType = sourcecode.c.h; path = stdafx.h; sourceTree = "<group>"; };
		9487F6EA262AB41200566ABD /* Coin.cpp */ = {isa = PBXFileReference; fileEncoding = 4; lastKnownFileType = sourcecode.cpp.cpp; path = Coin.cpp; sourceTree = "<group>"; };
		9487F6EB262AB41200566ABD /* Coin.h */ = {isa = PBXFileReference; fileEncoding = 4; lastKnownFileType = sourcecode.c.h; path = Coin.h; sourceTree = "<group>"; };
		BF170DB012928DE900B8313A /* OpenGLES.framework */ = {isa = PBXFileReference; lastKnownFileType = wrapper.framework; name = OpenGLES.framework; path = System/Library/Frameworks/OpenGLES.framework; sourceTree = SDKROOT; };
		BF170DB412928DE900B8313A /* libz.dylib */ = {isa = PBXFileReference; lastKnownFileType = "compiled.mach-o.dylib"; name = libz.dylib; path = usr/lib/libz.dylib; sourceTree = SDKROOT; };
		BF1C47EA1293683800B63C5D /* QuartzCore.framework */ = {isa = PBXFileReference; lastKnownFileType = wrapper.framework; name = QuartzCore.framework; path = System/Library/Frameworks/QuartzCore.framework; sourceTree = SDKROOT; };
		D44C620B132DFF330009C878 /* OpenAL.framework */ = {isa = PBXFileReference; lastKnownFileType = wrapper.framework; name = OpenAL.framework; path = System/Library/Frameworks/OpenAL.framework; sourceTree = SDKROOT; };
		D44C620D132DFF430009C878 /* AVFoundation.framework */ = {isa = PBXFileReference; lastKnownFileType = wrapper.framework; name = AVFoundation.framework; path = System/Library/Frameworks/AVFoundation.framework; sourceTree = SDKROOT; };
		D44C620F132DFF4E0009C878 /* AudioToolbox.framework */ = {isa = PBXFileReference; lastKnownFileType = wrapper.framework; name = AudioToolbox.framework; path = System/Library/Frameworks/AudioToolbox.framework; sourceTree = SDKROOT; };
		D6B0611A1803AB670077942B /* CoreMotion.framework */ = {isa = PBXFileReference; lastKnownFileType = wrapper.framework; name = CoreMotion.framework; path = Platforms/iPhoneOS.platform/Developer/SDKs/iPhoneOS.sdk/System/Library/Frameworks/CoreMotion.framework; sourceTree = DEVELOPER_DIR; };
		ED545A7B1B68A1F400C3958E /* libiconv.dylib */ = {isa = PBXFileReference; lastKnownFileType = "compiled.mach-o.dylib"; name = libiconv.dylib; path = Platforms/iPhoneOS.platform/Developer/SDKs/iPhoneOS.sdk/usr/lib/libiconv.dylib; sourceTree = DEVELOPER_DIR; };
		ED545A7D1B68A1FA00C3958E /* libiconv.dylib */ = {isa = PBXFileReference; lastKnownFileType = "compiled.mach-o.dylib"; name = libiconv.dylib; path = usr/lib/libiconv.dylib; sourceTree = SDKROOT; };
/* End PBXFileReference section */

/* Begin PBXFrameworksBuildPhase section */
		1D60588F0D05DD3D006BFB54 /* Frameworks */ = {
			isa = PBXFrameworksBuildPhase;
			buildActionMask = 2147483647;
			files = (
				294D0D641D0D56D500F7F5D4 /* CoreText.framework in Frameworks */,
				ED545A7C1B68A1F400C3958E /* libiconv.dylib in Frameworks */,
				52B47A471A53D09C004E4C60 /* Security.framework in Frameworks */,
				1AC6FB30180E99EB004C840B /* libcocos2d iOS.a in Frameworks */,
				D6B0611B1803AB670077942B /* CoreMotion.framework in Frameworks */,
				1D60589F0D05DD5A006BFB54 /* Foundation.framework in Frameworks */,
				1DF5F4E00D08C38300B7A737 /* UIKit.framework in Frameworks */,
				288765A50DF7441C002DB57D /* CoreGraphics.framework in Frameworks */,
				BF171245129291EC00B8313A /* OpenGLES.framework in Frameworks */,
				BF1712471292920000B8313A /* libz.dylib in Frameworks */,
				BF1C47F01293687400B63C5D /* QuartzCore.framework in Frameworks */,
				D44C620C132DFF330009C878 /* OpenAL.framework in Frameworks */,
				D44C620E132DFF430009C878 /* AVFoundation.framework in Frameworks */,
				D44C6210132DFF4E0009C878 /* AudioToolbox.framework in Frameworks */,
			);
			runOnlyForDeploymentPostprocessing = 0;
		};
		5087E75C17EB910900C73F5D /* Frameworks */ = {
			isa = PBXFrameworksBuildPhase;
			buildActionMask = 2147483647;
			files = (
				ED545A7E1B68A1FA00C3958E /* libiconv.dylib in Frameworks */,
				1AC6FB21180E996B004C840B /* libcocos2d Mac.a in Frameworks */,
				5087E76717EB910900C73F5D /* libz.dylib in Frameworks */,
				8262943E1AAF051F00CB7CF7 /* Security.framework in Frameworks */,
				503AE11B17EB9C5A00D1A890 /* IOKit.framework in Frameworks */,
				5087E78B17EB975400C73F5D /* OpenGL.framework in Frameworks */,
				5087E78917EB974C00C73F5D /* AppKit.framework in Frameworks */,
				5087E76317EB910900C73F5D /* Foundation.framework in Frameworks */,
				5087E76817EB910900C73F5D /* QuartzCore.framework in Frameworks */,
				5087E76917EB910900C73F5D /* OpenAL.framework in Frameworks */,
				5087E76A17EB910900C73F5D /* AVFoundation.framework in Frameworks */,
				5087E76B17EB910900C73F5D /* AudioToolbox.framework in Frameworks */,
			);
			runOnlyForDeploymentPostprocessing = 0;
		};
/* End PBXFrameworksBuildPhase section */

/* Begin PBXGroup section */
		19C28FACFE9D520D11CA2CBB /* Products */ = {
			isa = PBXGroup;
			children = (
				1D6058910D05DD3D006BFB54 /* teamproject-mobile.app */,
				5087E76F17EB910900C73F5D /* teamproject-desktop.app */,
			);
			name = Products;
			sourceTree = "<group>";
		};
		1AC6FAE6180E9839004C840B /* Products */ = {
			isa = PBXGroup;
			children = (
				1AC6FAF9180E9839004C840B /* libcocos2d Mac.a */,
				1AC6FB07180E9839004C840B /* libcocos2d iOS.a */,
				1A7533E31F6F75F6007E8E6F /* libcocos2d tvOS.a */,
			);
			name = Products;
			sourceTree = "<group>";
		};
		1AF87B461F6F77D6007BE51C /* ios */ = {
			isa = PBXGroup;
			children = (
				1A88B2631FC3D9C9005C14AE /* Images.xcassets */,
				1AF87B471F6F77D6007BE51C /* AppController.h */,
				1AF87B481F6F77D6007BE51C /* AppController.mm */,
				1AF87B581F6F77D6007BE51C /* Info.plist */,
				1AF87B591F6F77D6007BE51C /* LaunchScreen.storyboard */,
				1AF87B5A1F6F77D6007BE51C /* LaunchScreenBackground.png */,
				1AF87B5B1F6F77D6007BE51C /* main.m */,
				1AF87B5C1F6F77D6007BE51C /* Prefix.pch */,
				1AF87B5D1F6F77D6007BE51C /* RootViewController.h */,
				1AF87B5E1F6F77D6007BE51C /* RootViewController.mm */,
			);
			path = ios;
			sourceTree = "<group>";
		};
		29B97314FDCFA39411CA2CEA /* CustomTemplate */ = {
			isa = PBXGroup;
			children = (
				46880B8319C43A87006E1F66 /* Classes */,
				46880B7519C43A67006E1F66 /* Resources */,
				1AC6FAE5180E9839004C840B /* cocos2d_libs.xcodeproj */,
				29B97323FDCFA39411CA2CEA /* Frameworks */,
				1AF87B461F6F77D6007BE51C /* ios */,
				503AE10617EB990700D1A890 /* mac */,
				19C28FACFE9D520D11CA2CBB /* Products */,
			);
			name = CustomTemplate;
			sourceTree = "<group>";
		};
		29B97323FDCFA39411CA2CEA /* Frameworks */ = {
			isa = PBXGroup;
			children = (
				294D0D631D0D56D500F7F5D4 /* CoreText.framework */,
				ED545A7D1B68A1FA00C3958E /* libiconv.dylib */,
				ED545A7B1B68A1F400C3958E /* libiconv.dylib */,
				8262943D1AAF051F00CB7CF7 /* Security.framework */,
				52B47A461A53D09B004E4C60 /* Security.framework */,
				D6B0611A1803AB670077942B /* CoreMotion.framework */,
				503AE11A17EB9C5A00D1A890 /* IOKit.framework */,
				503AE11117EB99EE00D1A890 /* libcurl.dylib */,
				5087E78A17EB975400C73F5D /* OpenGL.framework */,
				5087E78817EB974C00C73F5D /* AppKit.framework */,
				1ACB3243164770DE00914215 /* libcurl.a */,
				BF170DB412928DE900B8313A /* libz.dylib */,
				D44C620F132DFF4E0009C878 /* AudioToolbox.framework */,
				D44C620D132DFF430009C878 /* AVFoundation.framework */,
				288765A40DF7441C002DB57D /* CoreGraphics.framework */,
				1D30AB110D05D00D00671497 /* Foundation.framework */,
				D44C620B132DFF330009C878 /* OpenAL.framework */,
				BF170DB012928DE900B8313A /* OpenGLES.framework */,
				BF1C47EA1293683800B63C5D /* QuartzCore.framework */,
				1DF5F4DF0D08C38300B7A737 /* UIKit.framework */,
			);
			name = Frameworks;
			sourceTree = "<group>";
		};
		46880B7519C43A67006E1F66 /* Resources */ = {
			isa = PBXGroup;
			children = (
				9487F6A7262AAC3900566ABD /* background */,
				9487F6A6262AAC3800566ABD /* bgm */,
				9487F6A8262AAC3900566ABD /* CloseNormal.png */,
				9487F6A2262AAC3800566ABD /* CloseSelected.png */,
				9487F6AD262AAC3900566ABD /* damage.png */,
				9487F6B1262AAC3900566ABD /* font */,
				9487F6AB262AAC3900566ABD /* fonts */,
				9487F6A3262AAC3800566ABD /* HelloWorld.png */,
				9487F6A4262AAC3800566ABD /* item_coin.png */,
				9487F6A9262AAC3900566ABD /* layer.png */,
				9487F6A5262AAC3800566ABD /* meteo.png */,
				9487F6A1262AAC3800566ABD /* monster.plist */,
				9487F6AC262AAC3900566ABD /* monster.png */,
				9487F6AF262AAC3900566ABD /* player.plist */,
				9487F6B3262AAC3900566ABD /* player.png */,
				9487F6B2262AAC3900566ABD /* sound */,
				9487F6AE262AAC3900566ABD /* ui */,
				9487F6B0262AAC3900566ABD /* warn_line.png */,
				9487F6AA262AAC3900566ABD /* warn_mark.png */,
			);
			name = Resources;
			path = ../Resources;
			sourceTree = "<group>";
		};
		46880B8319C43A87006E1F66 /* Classes */ = {
			isa = PBXGroup;
			children = (
				9487F6D8262AB06C00566ABD /* AppDelegate.cpp */,
				9487F6D7262AB06C00566ABD /* AppDelegate.h */,
				9487F6D1262AB06B00566ABD /* HelloWorldScene.cpp */,
				9487F6DD262AB06C00566ABD /* HelloWorldScene.h */,
				9487F6CB262AB06B00566ABD /* InGameScene.cpp */,
				9487F6CE262AB06B00566ABD /* InGameScene.h */,
				9487F6D5262AB06B00566ABD /* LobbyScene.cpp */,
				9487F6DC262AB06C00566ABD /* LobbyScene.h */,
				9487F6D0262AB06B00566ABD /* Meteo.cpp */,
				9487F6CF262AB06B00566ABD /* Meteo.h */,
				9487F6D3262AB06B00566ABD /* monster.cpp */,
				9487F6D2262AB06B00566ABD /* monster.h */,
				9487F6D4262AB06B00566ABD /* Player.cpp */,
				9487F6CC262AB06B00566ABD /* Player.h */,
				9487F6EA262AB41200566ABD /* Coin.cpp */,
				9487F6EB262AB41200566ABD /* Coin.h */,
				9487F6D6262AB06C00566ABD /* StartScene.cpp */,
				9487F6D9262AB06C00566ABD /* StartScene.h */,
				9487F6DE262AB06C00566ABD /* stdafx.h */,
				9487F6DB262AB06C00566ABD /* Unit.h */,
				9487F6DA262AB06C00566ABD /* UserDefine.h */,
				9487F6CD262AB06B00566ABD /* UserInclude.h */,
			);
			name = Classes;
			path = ../Classes;
			sourceTree = "<group>";
		};
		503AE0F517EB97AB00D1A890 /* Icons */ = {
			isa = PBXGroup;
			children = (
				503AE0F617EB97AB00D1A890 /* Icon.icns */,
				503AE0F717EB97AB00D1A890 /* Info.plist */,
			);
			name = Icons;
			path = mac;
			sourceTree = SOURCE_ROOT;
		};
		503AE10617EB990700D1A890 /* mac */ = {
			isa = PBXGroup;
			children = (
				503AE0F517EB97AB00D1A890 /* Icons */,
				503AE10317EB98FF00D1A890 /* main.cpp */,
				503AE10417EB98FF00D1A890 /* Prefix.pch */,
			);
			name = mac;
			sourceTree = "<group>";
		};
/* End PBXGroup section */

/* Begin PBXNativeTarget section */
		1D6058900D05DD3D006BFB54 /* teamproject-mobile */ = {
			isa = PBXNativeTarget;
			buildConfigurationList = 1D6058960D05DD3E006BFB54 /* Build configuration list for PBXNativeTarget "teamproject-mobile" */;
			buildPhases = (
				1D60588D0D05DD3D006BFB54 /* Resources */,
				1D60588E0D05DD3D006BFB54 /* Sources */,
				1D60588F0D05DD3D006BFB54 /* Frameworks */,
			);
			buildRules = (
			);
			dependencies = (
				1AC6FB25180E99E1004C840B /* PBXTargetDependency */,
			);
			name = "teamproject-mobile";
			productName = iphone;
			productReference = 1D6058910D05DD3D006BFB54 /* teamproject-mobile.app */;
			productType = "com.apple.product-type.application";
		};
		5087E73D17EB910900C73F5D /* teamproject-desktop */ = {
			isa = PBXNativeTarget;
			buildConfigurationList = 5087E76C17EB910900C73F5D /* Build configuration list for PBXNativeTarget "teamproject-desktop" */;
			buildPhases = (
				5087E74817EB910900C73F5D /* Resources */,
				5087E75617EB910900C73F5D /* Sources */,
				5087E75C17EB910900C73F5D /* Frameworks */,
			);
			buildRules = (
			);
			dependencies = (
				1AC6FB16180E9959004C840B /* PBXTargetDependency */,
			);
			name = "teamproject-desktop";
			productName = iphone;
			productReference = 5087E76F17EB910900C73F5D /* teamproject-desktop.app */;
			productType = "com.apple.product-type.application";
		};
/* End PBXNativeTarget section */

/* Begin PBXProject section */
		29B97313FDCFA39411CA2CEA /* Project object */ = {
			isa = PBXProject;
			attributes = {
				LastUpgradeCheck = 0500;
			};
			buildConfigurationList = C01FCF4E08A954540054247B /* Build configuration list for PBXProject "teamproject" */;
			compatibilityVersion = "Xcode 3.2";
			developmentRegion = English;
			hasScannedForEncodings = 1;
			knownRegions = (
				English,
				Japanese,
				French,
				German,
			);
			mainGroup = 29B97314FDCFA39411CA2CEA /* CustomTemplate */;
			projectDirPath = "";
			projectReferences = (
				{
					ProductGroup = 1AC6FAE6180E9839004C840B /* Products */;
					ProjectRef = 1AC6FAE5180E9839004C840B /* cocos2d_libs.xcodeproj */;
				},
			);
			projectRoot = "";
			targets = (
				1D6058900D05DD3D006BFB54 /* teamproject-mobile */,
				5087E73D17EB910900C73F5D /* teamproject-desktop */,
			);
		};
/* End PBXProject section */

/* Begin PBXReferenceProxy section */
		1A7533E31F6F75F6007E8E6F /* libcocos2d tvOS.a */ = {
			isa = PBXReferenceProxy;
			fileType = archive.ar;
			path = "libcocos2d tvOS.a";
			remoteRef = 1A7533E21F6F75F6007E8E6F /* PBXContainerItemProxy */;
			sourceTree = BUILT_PRODUCTS_DIR;
		};
		1AC6FAF9180E9839004C840B /* libcocos2d Mac.a */ = {
			isa = PBXReferenceProxy;
			fileType = archive.ar;
			path = "libcocos2d Mac.a";
			remoteRef = 1AC6FAF8180E9839004C840B /* PBXContainerItemProxy */;
			sourceTree = BUILT_PRODUCTS_DIR;
		};
		1AC6FB07180E9839004C840B /* libcocos2d iOS.a */ = {
			isa = PBXReferenceProxy;
			fileType = archive.ar;
			path = "libcocos2d iOS.a";
			remoteRef = 1AC6FB06180E9839004C840B /* PBXContainerItemProxy */;
			sourceTree = BUILT_PRODUCTS_DIR;
		};
/* End PBXReferenceProxy section */

/* Begin PBXResourcesBuildPhase section */
		1D60588D0D05DD3D006BFB54 /* Resources */ = {
			isa = PBXResourcesBuildPhase;
			buildActionMask = 2147483647;
			files = (
				9487F6B9262AAC3900566ABD /* bgm in Resources */,
				9487F6C1262AAC3900566ABD /* ui in Resources */,
				1A88B2641FC3D9C9005C14AE /* Images.xcassets in Resources */,
				9487F6C2262AAC3900566ABD /* player.plist in Resources */,
				9487F6BB262AAC3900566ABD /* CloseNormal.png in Resources */,
				9487F6BE262AAC3900566ABD /* fonts in Resources */,
				9487F6C5262AAC3900566ABD /* sound in Resources */,
				9487F6C3262AAC3900566ABD /* warn_line.png in Resources */,
				9487F6C4262AAC3900566ABD /* font in Resources */,
				1AF87B891F6F781D007BE51C /* LaunchScreenBackground.png in Resources */,
				9487F6B5262AAC3900566ABD /* CloseSelected.png in Resources */,
				9487F6BC262AAC3900566ABD /* layer.png in Resources */,
				9487F6C6262AAC3900566ABD /* player.png in Resources */,
				9487F6BA262AAC3900566ABD /* background in Resources */,
				9487F6BF262AAC3900566ABD /* monster.png in Resources */,
				9487F6BD262AAC3900566ABD /* warn_mark.png in Resources */,
				9487F6B6262AAC3900566ABD /* HelloWorld.png in Resources */,
				1AF87B881F6F781D007BE51C /* LaunchScreen.storyboard in Resources */,
				9487F6C0262AAC3900566ABD /* damage.png in Resources */,
				9487F6B4262AAC3900566ABD /* monster.plist in Resources */,
				9487F6B8262AAC3900566ABD /* meteo.png in Resources */,
				9487F6B7262AAC3900566ABD /* item_coin.png in Resources */,
			);
			runOnlyForDeploymentPostprocessing = 0;
		};
		5087E74817EB910900C73F5D /* Resources */ = {
			isa = PBXResourcesBuildPhase;
			buildActionMask = 2147483647;
			files = (
				503AE0F817EB97AB00D1A890 /* Icon.icns in Resources */,
			);
			runOnlyForDeploymentPostprocessing = 0;
		};
/* End PBXResourcesBuildPhase section */

/* Begin PBXSourcesBuildPhase section */
		1D60588E0D05DD3D006BFB54 /* Sources */ = {
			isa = PBXSourcesBuildPhase;
			buildActionMask = 2147483647;
			files = (
				9487F6E3262AB06C00566ABD /* Player.cpp in Sources */,
				9487F6E4262AB06C00566ABD /* LobbyScene.cpp in Sources */,
				1AF87B781F6F77F7007BE51C /* AppController.mm in Sources */,
				9487F6E5262AB06C00566ABD /* StartScene.cpp in Sources */,
				9487F6E2262AB06C00566ABD /* monster.cpp in Sources */,
				1AF87B8B1F6F782A007BE51C /* RootViewController.mm in Sources */,
				9487F6EC262AB41200566ABD /* Coin.cpp in Sources */,
				9487F6E1262AB06C00566ABD /* HelloWorldScene.cpp in Sources */,
				9487F6E6262AB06C00566ABD /* AppDelegate.cpp in Sources */,
				9487F6E0262AB06C00566ABD /* Meteo.cpp in Sources */,
				1AF87B8A1F6F7822007BE51C /* main.m in Sources */,
				9487F6DF262AB06C00566ABD /* InGameScene.cpp in Sources */,
			);
			runOnlyForDeploymentPostprocessing = 0;
		};
		5087E75617EB910900C73F5D /* Sources */ = {
			isa = PBXSourcesBuildPhase;
			buildActionMask = 2147483647;
			files = (
				503AE10517EB98FF00D1A890 /* main.cpp in Sources */,
			);
			runOnlyForDeploymentPostprocessing = 0;
		};
/* End PBXSourcesBuildPhase section */

/* Begin PBXTargetDependency section */
		1AC6FB16180E9959004C840B /* PBXTargetDependency */ = {
			isa = PBXTargetDependency;
			name = "cocos2dx Mac";
			targetProxy = 1AC6FB15180E9959004C840B /* PBXContainerItemProxy */;
		};
		1AC6FB25180E99E1004C840B /* PBXTargetDependency */ = {
			isa = PBXTargetDependency;
			name = "cocos2dx iOS";
			targetProxy = 1AC6FB24180E99E1004C840B /* PBXContainerItemProxy */;
		};
/* End PBXTargetDependency section */

/* Begin XCBuildConfiguration section */
		1D6058940D05DD3E006BFB54 /* Debug */ = {
			isa = XCBuildConfiguration;
			buildSettings = {
				ALWAYS_SEARCH_USER_PATHS = YES;
				ASSETCATALOG_COMPILER_APPICON_NAME = AppIcon;
				CODE_SIGN_IDENTITY = "iPhone Developer";
				COMPRESS_PNG_FILES = NO;
				ENABLE_BITCODE = NO;
				GCC_DYNAMIC_NO_PIC = NO;
				GCC_INLINES_ARE_PRIVATE_EXTERN = NO;
				GCC_PRECOMPILE_PREFIX_HEADER = YES;
				GCC_PREFIX_HEADER = ios/Prefix.pch;
				GCC_PREPROCESSOR_DEFINITIONS = (
					USE_FILE32API,
					"COCOS2D_DEBUG=1",
					"CC_ENABLE_CHIPMUNK_INTEGRATION=1",
				);
				GCC_SYMBOLS_PRIVATE_EXTERN = NO;
				HEADER_SEARCH_PATHS = "$(inherited)";
				INFOPLIST_FILE = ios/Info.plist;
				IPHONEOS_DEPLOYMENT_TARGET = 6.0;
				LIBRARY_SEARCH_PATHS = "";
				MARKETING_VERSION = 1.0;
				OTHER_LDFLAGS = (
					"$(_COCOS_LIB_IOS_BEGIN)",
					"$(_COCOS_LIB_IOS_END)",
				);
				SDKROOT = iphoneos;
				STRIP_PNG_TEXT = NO;
				TARGETED_DEVICE_FAMILY = "1,2";
				USER_HEADER_SEARCH_PATHS = "$(_COCOS_HEADER_IOS_BEGIN) $(_COCOS_HEADER_IOS_END)";
				VALID_ARCHS = "arm64 armv7 x86_64";
			};
			name = Debug;
		};
		1D6058950D05DD3E006BFB54 /* Release */ = {
			isa = XCBuildConfiguration;
			buildSettings = {
				ALWAYS_SEARCH_USER_PATHS = YES;
				ASSETCATALOG_COMPILER_APPICON_NAME = AppIcon;
				CODE_SIGN_IDENTITY = "iPhone Developer";
				COMPRESS_PNG_FILES = NO;
				ENABLE_BITCODE = NO;
				GCC_INLINES_ARE_PRIVATE_EXTERN = NO;
				GCC_PRECOMPILE_PREFIX_HEADER = YES;
				GCC_PREFIX_HEADER = ios/Prefix.pch;
				GCC_PREPROCESSOR_DEFINITIONS = (
					USE_FILE32API,
					"CC_ENABLE_CHIPMUNK_INTEGRATION=1",
					NDEBUG,
				);
				GCC_SYMBOLS_PRIVATE_EXTERN = NO;
				HEADER_SEARCH_PATHS = "$(inherited)";
				INFOPLIST_FILE = ios/Info.plist;
				IPHONEOS_DEPLOYMENT_TARGET = 6.0;
				LIBRARY_SEARCH_PATHS = "";
				MARKETING_VERSION = 1.0;
				OTHER_LDFLAGS = (
					"$(_COCOS_LIB_IOS_BEGIN)",
					"$(_COCOS_LIB_IOS_END)",
				);
				SDKROOT = iphoneos;
				STRIP_PNG_TEXT = NO;
				TARGETED_DEVICE_FAMILY = "1,2";
				USER_HEADER_SEARCH_PATHS = "$(_COCOS_HEADER_IOS_BEGIN) $(_COCOS_HEADER_IOS_END)";
				VALID_ARCHS = "arm64 armv7 x86_64";
			};
			name = Release;
		};
		5087E76D17EB910900C73F5D /* Debug */ = {
			isa = XCBuildConfiguration;
			buildSettings = {
				ALWAYS_SEARCH_USER_PATHS = YES;
				ARCHS = "$(ARCHS_STANDARD_64_BIT)";
				CLANG_CXX_LANGUAGE_STANDARD = "c++0x";
				CLANG_CXX_LIBRARY = "libc++";
				GCC_DYNAMIC_NO_PIC = NO;
				GCC_INLINES_ARE_PRIVATE_EXTERN = NO;
				GCC_PRECOMPILE_PREFIX_HEADER = YES;
				GCC_PREFIX_HEADER = mac/Prefix.pch;
				GCC_PREPROCESSOR_DEFINITIONS = (
					USE_FILE32API,
					"COCOS2D_DEBUG=1",
					"CC_ENABLE_CHIPMUNK_INTEGRATION=1",
				);
				GCC_SYMBOLS_PRIVATE_EXTERN = NO;
				HEADER_SEARCH_PATHS = (
					"$(inherited)",
					"$(SRCROOT)/../cocos2d/external/glfw3/include/mac",
				);
				INFOPLIST_FILE = mac/Info.plist;
				LIBRARY_SEARCH_PATHS = "";
				OTHER_LDFLAGS = (
					"$(_COCOS_LIB_MAC_BEGIN)",
					"$(_COCOS_LIB_MAC_END)",
				);
				USER_HEADER_SEARCH_PATHS = "$(_COCOS_HEADER_MAC_BEGIN) $(_COCOS_HEADER_MAC_END)";
			};
			name = Debug;
		};
		5087E76E17EB910900C73F5D /* Release */ = {
			isa = XCBuildConfiguration;
			buildSettings = {
				ALWAYS_SEARCH_USER_PATHS = YES;
				ARCHS = "$(ARCHS_STANDARD_64_BIT)";
				CLANG_CXX_LANGUAGE_STANDARD = "c++0x";
				CLANG_CXX_LIBRARY = "libc++";
				GCC_INLINES_ARE_PRIVATE_EXTERN = NO;
				GCC_PRECOMPILE_PREFIX_HEADER = YES;
				GCC_PREFIX_HEADER = mac/Prefix.pch;
				GCC_PREPROCESSOR_DEFINITIONS = (
					USE_FILE32API,
					"CC_ENABLE_CHIPMUNK_INTEGRATION=1",
					NDEBUG,
				);
				GCC_SYMBOLS_PRIVATE_EXTERN = NO;
				HEADER_SEARCH_PATHS = (
					"$(inherited)",
					"$(SRCROOT)/../cocos2d/external/glfw3/include/mac",
				);
				INFOPLIST_FILE = mac/Info.plist;
				LIBRARY_SEARCH_PATHS = "";
				OTHER_LDFLAGS = (
					"$(_COCOS_LIB_MAC_BEGIN)",
					"$(_COCOS_LIB_MAC_END)",
				);
				USER_HEADER_SEARCH_PATHS = "$(_COCOS_HEADER_MAC_BEGIN) $(_COCOS_HEADER_MAC_END)";
			};
			name = Release;
		};
		C01FCF4F08A954540054247B /* Debug */ = {
			isa = XCBuildConfiguration;
			buildSettings = {
				CLANG_CXX_LANGUAGE_STANDARD = "c++0x";
				CLANG_CXX_LIBRARY = "libc++";
				COPY_PHASE_STRIP = NO;
				GCC_OPTIMIZATION_LEVEL = 0;
				GCC_WARN_ABOUT_RETURN_TYPE = YES;
				GCC_WARN_UNUSED_VARIABLE = YES;
				HEADER_SEARCH_PATHS = (
					"$(SRCROOT)/../cocos2d",
					"$(SRCROOT)/../cocos2d/cocos/audio/include",
					"$(SRCROOT)/../cocos2d/cocos",
					"$(SRCROOT)/../cocos2d/extensions",
					"$(SRCROOT)/../cocos2d/external",
					"$(SRCROOT)/../cocos2d/external/chipmunk/include/chipmunk",
					"$(SRCROOT)/../cocos2d/cocos/editor-support",
				);
				IPHONEOS_DEPLOYMENT_TARGET = 6.0;
				MACOSX_DEPLOYMENT_TARGET = 10.7;
				ONLY_ACTIVE_ARCH = YES;
				PRODUCT_NAME = "$(TARGET_NAME)";
				SDKROOT = macosx;
			};
			name = Debug;
		};
		C01FCF5008A954540054247B /* Release */ = {
			isa = XCBuildConfiguration;
			buildSettings = {
				CLANG_CXX_LANGUAGE_STANDARD = "c++0x";
				CLANG_CXX_LIBRARY = "libc++";
				GCC_WARN_ABOUT_RETURN_TYPE = YES;
				GCC_WARN_UNUSED_VARIABLE = YES;
				HEADER_SEARCH_PATHS = (
					"$(SRCROOT)/../cocos2d",
					"$(SRCROOT)/../cocos2d/cocos/audio/include",
					"$(SRCROOT)/../cocos2d/cocos",
					"$(SRCROOT)/../cocos2d/extensions",
					"$(SRCROOT)/../cocos2d/external",
					"$(SRCROOT)/../cocos2d/external/chipmunk/include/chipmunk",
					"$(SRCROOT)/../cocos2d/cocos/editor-support",
				);
				IPHONEOS_DEPLOYMENT_TARGET = 6.0;
				MACOSX_DEPLOYMENT_TARGET = 10.7;
				OTHER_CFLAGS = "-DNS_BLOCK_ASSERTIONS=1";
				PRODUCT_NAME = "$(TARGET_NAME)";
				SDKROOT = macosx;
				VALIDATE_PRODUCT = YES;
			};
			name = Release;
		};
/* End XCBuildConfiguration section */

/* Begin XCConfigurationList section */
		1D6058960D05DD3E006BFB54 /* Build configuration list for PBXNativeTarget "teamproject-mobile" */ = {
			isa = XCConfigurationList;
			buildConfigurations = (
				1D6058940D05DD3E006BFB54 /* Debug */,
				1D6058950D05DD3E006BFB54 /* Release */,
			);
			defaultConfigurationIsVisible = 0;
			defaultConfigurationName = Debug;
		};
		5087E76C17EB910900C73F5D /* Build configuration list for PBXNativeTarget "teamproject-desktop" */ = {
			isa = XCConfigurationList;
			buildConfigurations = (
				5087E76D17EB910900C73F5D /* Debug */,
				5087E76E17EB910900C73F5D /* Release */,
			);
			defaultConfigurationIsVisible = 0;
			defaultConfigurationName = Debug;
		};
		C01FCF4E08A954540054247B /* Build configuration list for PBXProject "teamproject" */ = {
			isa = XCConfigurationList;
			buildConfigurations = (
				C01FCF4F08A954540054247B /* Debug */,
				C01FCF5008A954540054247B /* Release */,
			);
			defaultConfigurationIsVisible = 0;
			defaultConfigurationName = Debug;
		};
/* End XCConfigurationList section */
	};
	rootObject = 29B97313FDCFA39411CA2CEA /* Project object */;
}
